
Microsoft Visual Studio Solution File, Format Version 12.00
# Visual Studio 15
VisualStudioVersion = 15.0.28010.2016
MinimumVisualStudioVersion = 10.0.40219.1
Project("{9A19103F-16F7-4668-BE54-9A1E7A4F7556}") = "Accumulate", "Accumulate.csproj", "{A22CFCFD-A149-47DB-8A3D-222A31E55C1E}"
EndProject
Global
	GlobalSection(SolutionConfigurationPlatforms) = preSolution
		Debug|Any CPU = Debug|Any CPU
		Release|Any CPU = Release|Any CPU
	EndGlobalSection
	GlobalSection(ProjectConfigurationPlatforms) = postSolution
		{A22CFCFD-A149-47DB-8A3D-222A31E55C1E}.Debug|Any CPU.ActiveCfg = Debug|Any CPU
		{A22CFCFD-A149-47DB-8A3D-222A31E55C1E}.Debug|Any CPU.Build.0 = Debug|Any CPU
		{A22CFCFD-A149-47DB-8A3D-222A31E55C1E}.Release|Any CPU.ActiveCfg = Release|Any CPU
		{A22CFCFD-A149-47DB-8A3D-222A31E55C1E}.Release|Any CPU.Build.0 = Release|Any CPU
	EndGlobalSection
	GlobalSection(SolutionProperties) = preSolution
		HideSolutionNode = FALSE
	EndGlobalSection
	GlobalSection(ExtensibilityGlobals) = postSolution
		SolutionGuid = {E09AEDF3-52FB-4B7D-AAFC-5A2D93DA7898}
	EndGlobalSection
EndGlobal
