
Microsoft Visual Studio Solution File, Format Version 12.00
# Visual Studio 15
VisualStudioVersion = 15.0.28010.2016
MinimumVisualStudioVersion = 10.0.40219.1
Project("{9A19103F-16F7-4668-BE54-9A1E7A4F7556}") = "GradeSchool", "GradeSchool.csproj", "{D9D7B854-1752-4750-B8D2-0696A1FD0FDE}"
EndProject
Global
	GlobalSection(SolutionConfigurationPlatforms) = preSolution
		Debug|Any CPU = Debug|Any CPU
		Release|Any CPU = Release|Any CPU
	EndGlobalSection
	GlobalSection(ProjectConfigurationPlatforms) = postSolution
		{D9D7B854-1752-4750-B8D2-0696A1FD0FDE}.Debug|Any CPU.ActiveCfg = Debug|Any CPU
		{D9D7B854-1752-4750-B8D2-0696A1FD0FDE}.Debug|Any CPU.Build.0 = Debug|Any CPU
		{D9D7B854-1752-4750-B8D2-0696A1FD0FDE}.Release|Any CPU.ActiveCfg = Release|Any CPU
		{D9D7B854-1752-4750-B8D2-0696A1FD0FDE}.Release|Any CPU.Build.0 = Release|Any CPU
	EndGlobalSection
	GlobalSection(SolutionProperties) = preSolution
		HideSolutionNode = FALSE
	EndGlobalSection
	GlobalSection(ExtensibilityGlobals) = postSolution
		SolutionGuid = {580D4773-CC46-478D-BFE6-3DAB669A2D78}
	EndGlobalSection
EndGlobal
