
Microsoft Visual Studio Solution File, Format Version 12.00
# Visual Studio 15
VisualStudioVersion = 15.0.28010.2016
MinimumVisualStudioVersion = 10.0.40219.1
Project("{9A19103F-16F7-4668-BE54-9A1E7A4F7556}") = "Grains", "Grains.csproj", "{459CA00F-027A-40FF-B675-0D0AC3131DF4}"
EndProject
Global
	GlobalSection(SolutionConfigurationPlatforms) = preSolution
		Debug|Any CPU = Debug|Any CPU
		Release|Any CPU = Release|Any CPU
	EndGlobalSection
	GlobalSection(ProjectConfigurationPlatforms) = postSolution
		{459CA00F-027A-40FF-B675-0D0AC3131DF4}.Debug|Any CPU.ActiveCfg = Debug|Any CPU
		{459CA00F-027A-40FF-B675-0D0AC3131DF4}.Debug|Any CPU.Build.0 = Debug|Any CPU
		{459CA00F-027A-40FF-B675-0D0AC3131DF4}.Release|Any CPU.ActiveCfg = Release|Any CPU
		{459CA00F-027A-40FF-B675-0D0AC3131DF4}.Release|Any CPU.Build.0 = Release|Any CPU
	EndGlobalSection
	GlobalSection(SolutionProperties) = preSolution
		HideSolutionNode = FALSE
	EndGlobalSection
	GlobalSection(ExtensibilityGlobals) = postSolution
		SolutionGuid = {4F9E243E-0F4B-4675-8A9F-CF5DEC664C4E}
	EndGlobalSection
EndGlobal
