
Microsoft Visual Studio Solution File, Format Version 12.00
# Visual Studio 15
VisualStudioVersion = 15.0.28010.2016
MinimumVisualStudioVersion = 10.0.40219.1
Project("{9A19103F-16F7-4668-BE54-9A1E7A4F7556}") = "Pangram", "Pangram.csproj", "{05C25FB8-76C8-4F53-BA95-618C0A50B271}"
EndProject
Global
	GlobalSection(SolutionConfigurationPlatforms) = preSolution
		Debug|Any CPU = Debug|Any CPU
		Release|Any CPU = Release|Any CPU
	EndGlobalSection
	GlobalSection(ProjectConfigurationPlatforms) = postSolution
		{05C25FB8-76C8-4F53-BA95-618C0A50B271}.Debug|Any CPU.ActiveCfg = Debug|Any CPU
		{05C25FB8-76C8-4F53-BA95-618C0A50B271}.Debug|Any CPU.Build.0 = Debug|Any CPU
		{05C25FB8-76C8-4F53-BA95-618C0A50B271}.Release|Any CPU.ActiveCfg = Release|Any CPU
		{05C25FB8-76C8-4F53-BA95-618C0A50B271}.Release|Any CPU.Build.0 = Release|Any CPU
	EndGlobalSection
	GlobalSection(SolutionProperties) = preSolution
		HideSolutionNode = FALSE
	EndGlobalSection
	GlobalSection(ExtensibilityGlobals) = postSolution
		SolutionGuid = {F05E477A-FA6A-4F41-911F-040E0D39F92E}
	EndGlobalSection
EndGlobal
