
Microsoft Visual Studio Solution File, Format Version 12.00
# Visual Studio 15
VisualStudioVersion = 15.0.28010.2016
MinimumVisualStudioVersion = 10.0.40219.1
Project("{9A19103F-16F7-4668-BE54-9A1E7A4F7556}") = "RationalNumbers", "RationalNumbers.csproj", "{D3B04FEA-3D0D-433B-A107-8FC2F16DCA4E}"
EndProject
Global
	GlobalSection(SolutionConfigurationPlatforms) = preSolution
		Debug|Any CPU = Debug|Any CPU
		Release|Any CPU = Release|Any CPU
	EndGlobalSection
	GlobalSection(ProjectConfigurationPlatforms) = postSolution
		{D3B04FEA-3D0D-433B-A107-8FC2F16DCA4E}.Debug|Any CPU.ActiveCfg = Debug|Any CPU
		{D3B04FEA-3D0D-433B-A107-8FC2F16DCA4E}.Debug|Any CPU.Build.0 = Debug|Any CPU
		{D3B04FEA-3D0D-433B-A107-8FC2F16DCA4E}.Release|Any CPU.ActiveCfg = Release|Any CPU
		{D3B04FEA-3D0D-433B-A107-8FC2F16DCA4E}.Release|Any CPU.Build.0 = Release|Any CPU
	EndGlobalSection
	GlobalSection(SolutionProperties) = preSolution
		HideSolutionNode = FALSE
	EndGlobalSection
	GlobalSection(ExtensibilityGlobals) = postSolution
		SolutionGuid = {20B19261-A424-4B8F-97D5-FC252C3FDFAD}
	EndGlobalSection
EndGlobal
