
Microsoft Visual Studio Solution File, Format Version 12.00
# Visual Studio 15
VisualStudioVersion = 15.0.28010.2016
MinimumVisualStudioVersion = 10.0.40219.1
Project("{9A19103F-16F7-4668-BE54-9A1E7A4F7556}") = "PhoneNumber", "PhoneNumber.csproj", "{3C49591B-96AB-4D74-9AE8-1B58CE66F20D}"
EndProject
Global
	GlobalSection(SolutionConfigurationPlatforms) = preSolution
		Debug|Any CPU = Debug|Any CPU
		Release|Any CPU = Release|Any CPU
	EndGlobalSection
	GlobalSection(ProjectConfigurationPlatforms) = postSolution
		{3C49591B-96AB-4D74-9AE8-1B58CE66F20D}.Debug|Any CPU.ActiveCfg = Debug|Any CPU
		{3C49591B-96AB-4D74-9AE8-1B58CE66F20D}.Debug|Any CPU.Build.0 = Debug|Any CPU
		{3C49591B-96AB-4D74-9AE8-1B58CE66F20D}.Release|Any CPU.ActiveCfg = Release|Any CPU
		{3C49591B-96AB-4D74-9AE8-1B58CE66F20D}.Release|Any CPU.Build.0 = Release|Any CPU
	EndGlobalSection
	GlobalSection(SolutionProperties) = preSolution
		HideSolutionNode = FALSE
	EndGlobalSection
	GlobalSection(ExtensibilityGlobals) = postSolution
		SolutionGuid = {455DE769-6AAC-44BA-BD11-06D30B4BB5DD}
	EndGlobalSection
EndGlobal
