
Microsoft Visual Studio Solution File, Format Version 12.00
# Visual Studio 15
VisualStudioVersion = 15.0.28010.2016
MinimumVisualStudioVersion = 10.0.40219.1
Project("{9A19103F-16F7-4668-BE54-9A1E7A4F7556}") = "DifferenceOfSquares", "DifferenceOfSquares.csproj", "{4F1EEC66-F191-4B7B-9952-9968E8133BBF}"
EndProject
Global
	GlobalSection(SolutionConfigurationPlatforms) = preSolution
		Debug|Any CPU = Debug|Any CPU
		Release|Any CPU = Release|Any CPU
	EndGlobalSection
	GlobalSection(ProjectConfigurationPlatforms) = postSolution
		{4F1EEC66-F191-4B7B-9952-9968E8133BBF}.Debug|Any CPU.ActiveCfg = Debug|Any CPU
		{4F1EEC66-F191-4B7B-9952-9968E8133BBF}.Debug|Any CPU.Build.0 = Debug|Any CPU
		{4F1EEC66-F191-4B7B-9952-9968E8133BBF}.Release|Any CPU.ActiveCfg = Release|Any CPU
		{4F1EEC66-F191-4B7B-9952-9968E8133BBF}.Release|Any CPU.Build.0 = Release|Any CPU
	EndGlobalSection
	GlobalSection(SolutionProperties) = preSolution
		HideSolutionNode = FALSE
	EndGlobalSection
	GlobalSection(ExtensibilityGlobals) = postSolution
		SolutionGuid = {0489E7BC-BC46-4487-A90A-CC434218A071}
	EndGlobalSection
EndGlobal
